Microsoft Visual Studio Solution File, Format Version 12.00
# Visual Studio Version 17
VisualStudioVersion = 17.5.2.0
MinimumVisualStudioVersion = 10.0.40219.1
Project("{2150E333-8FDC-42A3-9474-1A3956D46DE8}") = "tools", "tools", "{07C2787E-EAC7-C090-1BA3-A61EC2A24D84}"
EndProject
Project("{2150E333-8FDC-42A3-9474-1A3956D46DE8}") = "components", "components", "{F30895DC-C3AC-FF44-FFF8-D51D98AE1B61}"
EndProject
Project("{2150E333-8FDC-42A3-9474-1A3956D46DE8}") = "src", "src", "{67824254-6371-76FD-C40D-F076954CCDE1}"
EndProject
Project("{FAE04EC0-301F-11D3-BF4B-00C04F79EFBC}") = "Altinn.Notifications.Tools.RetryDeadDeliveryReports", "tools\src\Altinn.Notifications.Tools.RetryDeadDeliveryReports\Altinn.Notifications.Tools.RetryDeadDeliveryReports.csproj", "{F5DCB1F2-4808-3F1E-1D9E-1594260CE6A3}"
EndProject
Project("{FAE04EC0-301F-11D3-BF4B-00C04F79EFBC}") = "Altinn.Notifications.Tools.StatusFeedBackfillTool", "tools\src\Altinn.Notifications.Tools.StatusFeedBackfillTool\Altinn.Notifications.Tools.StatusFeedBackfillTool.csproj", "{0681B4B9-C347-B4F5-A3FA-B9B0B6D862AF}"
EndProject
Project("{2150E333-8FDC-42A3-9474-1A3956D46DE8}") = "test", "test", "{F9AB5661-066F-FE61-8147-DE58B0B17705}"
EndProject
Project("{FAE04EC0-301F-11D3-BF4B-00C04F79EFBC}") = "Altinn.Notifications.Tools.Tests", "tools\test\Altinn.Notifications.Tools.Tests\Altinn.Notifications.Tools.Tests.csproj", "{32EB0A24-3155-F399-5DC9-1996714205CC}"
EndProject
Project("{2150E333-8FDC-42A3-9474-1A3956D46DE8}") = "api", "api", "{BEF8EB6C-44A3-B60D-85FD-589896F135A3}"
EndProject
Project("{2150E333-8FDC-42A3-9474-1A3956D46DE8}") = "src", "src", "{11157C5B-2427-F211-4AB2-BC293F055BE8}"
EndProject
Project("{FAE04EC0-301F-11D3-BF4B-00C04F79EFBC}") = "Altinn.Notifications", "components\api\src\Altinn.Notifications\Altinn.Notifications.csproj", "{74284678-A13F-DF47-2935-A592466C4D4D}"
EndProject
Project("{FAE04EC0-301F-11D3-BF4B-00C04F79EFBC}") = "Altinn.Notifications.Core", "components\api\src\Altinn.Notifications.Core\Altinn.Notifications.Core.csproj", "{542599F2-9B50-6BBD-CB4E-10ED551B8BE4}"
EndProject
Project("{FAE04EC0-301F-11D3-BF4B-00C04F79EFBC}") = "Altinn.Notifications.Integrations", "components\api\src\Altinn.Notifications.Integrations\Altinn.Notifications.Integrations.csproj", "{6792E40C-9E6D-82F2-E6FA-69AC4F42394C}"
EndProject
Project("{FAE04EC0-301F-11D3-BF4B-00C04F79EFBC}") = "Altinn.Notifications.Persistence", "components\api\src\Altinn.Notifications.Persistence\Altinn.Notifications.Persistence.csproj", "{377A1975-4E18-C7BF-D37F-6EF348D412A6}"
EndProject
Project("{FAE04EC0-301F-11D3-BF4B-00C04F79EFBC}") = "DbTools", "components\api\src\DbTools\DbTools.csproj", "{A12F5866-DDD0-1845-3CA1-D50A9754F4C5}"
EndProject
Project("{2150E333-8FDC-42A3-9474-1A3956D46DE8}") = "test", "test", "{55615F80-FD7E-F324-CFB4-116EBD867244}"
EndProject
Project("{FAE04EC0-301F-11D3-BF4B-00C04F79EFBC}") = "Altinn.Notifications.IntegrationTests", "components\api\test\Altinn.Notifications.IntegrationTests\Altinn.Notifications.IntegrationTests.csproj", "{D440ADD3-9478-B570-0342-4AD3A02346D1}"
EndProject
Project("{FAE04EC0-301F-11D3-BF4B-00C04F79EFBC}") = "Altinn.Notifications.IntegrationTestsASB", "components\api\test\Altinn.Notifications.IntegrationTestsASB\Altinn.Notifications.IntegrationTestsASB.csproj", "{59EEF718-370E-29D0-AD7B-01963B36DE86}"
EndProject
Project("{FAE04EC0-301F-11D3-BF4B-00C04F79EFBC}") = "Altinn.Notifications.Tests", "components\api\test\Altinn.Notifications.Tests\Altinn.Notifications.Tests.csproj", "{F0C0B0E3-0F4E-4F51-E684-68D2657C287B}"
EndProject
Project("{2150E333-8FDC-42A3-9474-1A3956D46DE8}") = "email-service", "email-service", "{9DFF8364-2C0B-7352-3F29-16DBC9EACD87}"
EndProject
Project("{2150E333-8FDC-42A3-9474-1A3956D46DE8}") = "src", "src", "{C55B7FCA-E9CE-9F6E-2814-A24EB80D2543}"
EndProject
Project("{FAE04EC0-301F-11D3-BF4B-00C04F79EFBC}") = "Altinn.Notifications.Email", "components\email-service\src\Altinn.Notifications.Email\Altinn.Notifications.Email.csproj", "{5DC89802-B686-B83A-3307-83D2A204B04C}"
EndProject
Project("{FAE04EC0-301F-11D3-BF4B-00C04F79EFBC}") = "Altinn.Notifications.Email.Core", "components\email-service\src\Altinn.Notifications.Email.Core\Altinn.Notifications.Email.Core.csproj", "{D95C8675-1653-00E6-0E24-49CE575F95A2}"
EndProject
Project("{FAE04EC0-301F-11D3-BF4B-00C04F79EFBC}") = "Altinn.Notifications.Email.Integrations", "components\email-service\src\Altinn.Notifications.Email.Integrations\Altinn.Notifications.Email.Integrations.csproj", "{1A415FD9-476B-52FC-BF2C-40E416A6EDBE}"
EndProject
Project("{2150E333-8FDC-42A3-9474-1A3956D46DE8}") = "test", "test", "{6DC28A4E-E18C-5AEE-01A4-584A9BC539DD}"
EndProject
Project("{FAE04EC0-301F-11D3-BF4B-00C04F79EFBC}") = "Altinn.Notifications.Email.IntegrationTests", "components\email-service\test\Altinn.Notifications.Email.IntegrationTests\Altinn.Notifications.Email.IntegrationTests.csproj", "{FB796E9C-758A-FA04-5555-5D6A780237F5}"
EndProject
Project("{FAE04EC0-301F-11D3-BF4B-00C04F79EFBC}") = "Altinn.Notifications.Email.IntegrationTestsASB", "components\email-service\test\Altinn.Notifications.Email.IntegrationTestsASB\Altinn.Notifications.Email.IntegrationTestsASB.csproj", "{16D61659-29AD-B6F7-2F4F-E7A8F36946A8}"
EndProject
Project("{FAE04EC0-301F-11D3-BF4B-00C04F79EFBC}") = "Altinn.Notifications.Email.Tests", "components\email-service\test\Altinn.Notifications.Email.Tests\Altinn.Notifications.Email.Tests.csproj", "{92B8ADB1-6556-48E9-6A38-DA6F96C275BF}"
EndProject
Project("{2150E333-8FDC-42A3-9474-1A3956D46DE8}") = "shared", "shared", "{703A3584-4FC4-58EF-36B2-9162839DEFBD}"
EndProject
Project("{2150E333-8FDC-42A3-9474-1A3956D46DE8}") = "src", "src", "{D26B5AB6-87A1-BBF9-BD75-50BEBD400A7B}"
EndProject
Project("{FAE04EC0-301F-11D3-BF4B-00C04F79EFBC}") = "Altinn.Notifications.Shared", "components\shared\src\Altinn.Notifications.Shared\Altinn.Notifications.Shared.csproj", "{05FA77A4-9C04-0B03-0FE5-F613C64B8591}"
EndProject
Project("{2150E333-8FDC-42A3-9474-1A3956D46DE8}") = "test", "test", "{B3D0488E-5ADF-DBE5-33CB-37DB1037A203}"
EndProject
Project("{FAE04EC0-301F-11D3-BF4B-00C04F79EFBC}") = "Altinn.Notifications.Shared.TestInfrastructure", "components\shared\test\Altinn.Notifications.Shared.TestInfrastructure\Altinn.Notifications.Shared.TestInfrastructure.csproj", "{9267DC29-847E-D72B-6A17-15D88445ECBD}"
EndProject
Project("{FAE04EC0-301F-11D3-BF4B-00C04F79EFBC}") = "Altinn.Notifications.Shared.Tests", "components\shared\test\Altinn.Notifications.Shared.Tests\Altinn.Notifications.Shared.Tests.csproj", "{AC547165-0A5C-D3B4-88A8-8BF2B2697A75}"
EndProject
Project("{2150E333-8FDC-42A3-9474-1A3956D46DE8}") = "sms-service", "sms-service", "{4CE5B8B7-C807-F13B-A010-171C050B2647}"
EndProject
Project("{2150E333-8FDC-42A3-9474-1A3956D46DE8}") = "src", "src", "{735CEFC8-A911-EA95-99FE-70A4FD544CD0}"
EndProject
Project("{FAE04EC0-301F-11D3-BF4B-00C04F79EFBC}") = "Altinn.Notifications.Sms", "components\sms-service\src\Altinn.Notifications.Sms\Altinn.Notifications.Sms.csproj", "{EB499683-9419-D943-57C3-6270A44EF661}"
EndProject
Project("{FAE04EC0-301F-11D3-BF4B-00C04F79EFBC}") = "Altinn.Notifications.Sms.Core", "components\sms-service\src\Altinn.Notifications.Sms.Core\Altinn.Notifications.Sms.Core.csproj", "{CF822573-723D-79AA-C520-CC88A954C7F6}"
EndProject
Project("{FAE04EC0-301F-11D3-BF4B-00C04F79EFBC}") = "Altinn.Notifications.Sms.Integrations", "components\sms-service\src\Altinn.Notifications.Sms.Integrations\Altinn.Notifications.Sms.Integrations.csproj", "{42EE4E5E-1FD2-670F-EB36-E38F6F30150E}"
EndProject
Project("{2150E333-8FDC-42A3-9474-1A3956D46DE8}") = "test", "test", "{31AE95A5-37B2-00F0-BCDB-5047A3F5A232}"
EndProject
Project("{FAE04EC0-301F-11D3-BF4B-00C04F79EFBC}") = "Altinn.Notifications.Sms.IntegrationTests", "components\sms-service\test\Altinn.Notifications.Sms.IntegrationTests\Altinn.Notifications.Sms.IntegrationTests.csproj", "{6ACE9DCA-6CF4-1693-0C0D-FB85F21A85D5}"
EndProject
Project("{FAE04EC0-301F-11D3-BF4B-00C04F79EFBC}") = "Altinn.Notifications.Sms.IntegrationTestsASB", "components\sms-service\test\Altinn.Notifications.Sms.IntegrationTestsASB\Altinn.Notifications.Sms.IntegrationTestsASB.csproj", "{1732D88F-7243-4903-8EE3-E93AC51D95A7}"
EndProject
Project("{FAE04EC0-301F-11D3-BF4B-00C04F79EFBC}") = "Altinn.Notifications.Sms.Tests", "components\sms-service\test\Altinn.Notifications.Sms.Tests\Altinn.Notifications.Sms.Tests.csproj", "{DE57DC58-0451-E55D-9DEB-1DEF663931C7}"
EndProject
Global
	GlobalSection(SolutionConfigurationPlatforms) = preSolution
		Debug|Any CPU = Debug|Any CPU
		Release|Any CPU = Release|Any CPU
	EndGlobalSection
	GlobalSection(ProjectConfigurationPlatforms) = postSolution
		{F5DCB1F2-4808-3F1E-1D9E-1594260CE6A3}.Debug|Any CPU.ActiveCfg = Debug|Any CPU
		{F5DCB1F2-4808-3F1E-1D9E-1594260CE6A3}.Debug|Any CPU.Build.0 = Debug|Any CPU
		{F5DCB1F2-4808-3F1E-1D9E-1594260CE6A3}.Release|Any CPU.ActiveCfg = Release|Any CPU
		{F5DCB1F2-4808-3F1E-1D9E-1594260CE6A3}.Release|Any CPU.Build.0 = Release|Any CPU
		{0681B4B9-C347-B4F5-A3FA-B9B0B6D862AF}.Debug|Any CPU.ActiveCfg = Debug|Any CPU
		{0681B4B9-C347-B4F5-A3FA-B9B0B6D862AF}.Debug|Any CPU.Build.0 = Debug|Any CPU
		{0681B4B9-C347-B4F5-A3FA-B9B0B6D862AF}.Release|Any CPU.ActiveCfg = Release|Any CPU
		{0681B4B9-C347-B4F5-A3FA-B9B0B6D862AF}.Release|Any CPU.Build.0 = Release|Any CPU
		{32EB0A24-3155-F399-5DC9-1996714205CC}.Debug|Any CPU.ActiveCfg = Debug|Any CPU
		{32EB0A24-3155-F399-5DC9-1996714205CC}.Debug|Any CPU.Build.0 = Debug|Any CPU
		{32EB0A24-3155-F399-5DC9-1996714205CC}.Release|Any CPU.ActiveCfg = Release|Any CPU
		{32EB0A24-3155-F399-5DC9-1996714205CC}.Release|Any CPU.Build.0 = Release|Any CPU
		{74284678-A13F-DF47-2935-A592466C4D4D}.Debug|Any CPU.ActiveCfg = Debug|Any CPU
		{74284678-A13F-DF47-2935-A592466C4D4D}.Debug|Any CPU.Build.0 = Debug|Any CPU
		{74284678-A13F-DF47-2935-A592466C4D4D}.Release|Any CPU.ActiveCfg = Release|Any CPU
		{74284678-A13F-DF47-2935-A592466C4D4D}.Release|Any CPU.Build.0 = Release|Any CPU
		{542599F2-9B50-6BBD-CB4E-10ED551B8BE4}.Debug|Any CPU.ActiveCfg = Debug|Any CPU
		{542599F2-9B50-6BBD-CB4E-10ED551B8BE4}.Debug|Any CPU.Build.0 = Debug|Any CPU
		{542599F2-9B50-6BBD-CB4E-10ED551B8BE4}.Release|Any CPU.ActiveCfg = Release|Any CPU
		{542599F2-9B50-6BBD-CB4E-10ED551B8BE4}.Release|Any CPU.Build.0 = Release|Any CPU
		{6792E40C-9E6D-82F2-E6FA-69AC4F42394C}.Debug|Any CPU.ActiveCfg = Debug|Any CPU
		{6792E40C-9E6D-82F2-E6FA-69AC4F42394C}.Debug|Any CPU.Build.0 = Debug|Any CPU
		{6792E40C-9E6D-82F2-E6FA-69AC4F42394C}.Release|Any CPU.ActiveCfg = Release|Any CPU
		{6792E40C-9E6D-82F2-E6FA-69AC4F42394C}.Release|Any CPU.Build.0 = Release|Any CPU
		{377A1975-4E18-C7BF-D37F-6EF348D412A6}.Debug|Any CPU.ActiveCfg = Debug|Any CPU
		{377A1975-4E18-C7BF-D37F-6EF348D412A6}.Debug|Any CPU.Build.0 = Debug|Any CPU
		{377A1975-4E18-C7BF-D37F-6EF348D412A6}.Release|Any CPU.ActiveCfg = Release|Any CPU
		{377A1975-4E18-C7BF-D37F-6EF348D412A6}.Release|Any CPU.Build.0 = Release|Any CPU
		{A12F5866-DDD0-1845-3CA1-D50A9754F4C5}.Debug|Any CPU.ActiveCfg = Debug|Any CPU
		{A12F5866-DDD0-1845-3CA1-D50A9754F4C5}.Debug|Any CPU.Build.0 = Debug|Any CPU
		{A12F5866-DDD0-1845-3CA1-D50A9754F4C5}.Release|Any CPU.ActiveCfg = Release|Any CPU
		{A12F5866-DDD0-1845-3CA1-D50A9754F4C5}.Release|Any CPU.Build.0 = Release|Any CPU
		{D440ADD3-9478-B570-0342-4AD3A02346D1}.Debug|Any CPU.ActiveCfg = Debug|Any CPU
		{D440ADD3-9478-B570-0342-4AD3A02346D1}.Debug|Any CPU.Build.0 = Debug|Any CPU
		{D440ADD3-9478-B570-0342-4AD3A02346D1}.Release|Any CPU.ActiveCfg = Release|Any CPU
		{D440ADD3-9478-B570-0342-4AD3A02346D1}.Release|Any CPU.Build.0 = Release|Any CPU
		{59EEF718-370E-29D0-AD7B-01963B36DE86}.Debug|Any CPU.ActiveCfg = Debug|Any CPU
		{59EEF718-370E-29D0-AD7B-01963B36DE86}.Debug|Any CPU.Build.0 = Debug|Any CPU
		{59EEF718-370E-29D0-AD7B-01963B36DE86}.Release|Any CPU.ActiveCfg = Release|Any CPU
		{59EEF718-370E-29D0-AD7B-01963B36DE86}.Release|Any CPU.Build.0 = Release|Any CPU
		{F0C0B0E3-0F4E-4F51-E684-68D2657C287B}.Debug|Any CPU.ActiveCfg = Debug|Any CPU
		{F0C0B0E3-0F4E-4F51-E684-68D2657C287B}.Debug|Any CPU.Build.0 = Debug|Any CPU
		{F0C0B0E3-0F4E-4F51-E684-68D2657C287B}.Release|Any CPU.ActiveCfg = Release|Any CPU
		{F0C0B0E3-0F4E-4F51-E684-68D2657C287B}.Release|Any CPU.Build.0 = Release|Any CPU
		{5DC89802-B686-B83A-3307-83D2A204B04C}.Debug|Any CPU.ActiveCfg = Debug|Any CPU
		{5DC89802-B686-B83A-3307-83D2A204B04C}.Debug|Any CPU.Build.0 = Debug|Any CPU
		{5DC89802-B686-B83A-3307-83D2A204B04C}.Release|Any CPU.ActiveCfg = Release|Any CPU
		{5DC89802-B686-B83A-3307-83D2A204B04C}.Release|Any CPU.Build.0 = Release|Any CPU
		{D95C8675-1653-00E6-0E24-49CE575F95A2}.Debug|Any CPU.ActiveCfg = Debug|Any CPU
		{D95C8675-1653-00E6-0E24-49CE575F95A2}.Debug|Any CPU.Build.0 = Debug|Any CPU
		{D95C8675-1653-00E6-0E24-49CE575F95A2}.Release|Any CPU.ActiveCfg = Release|Any CPU
		{D95C8675-1653-00E6-0E24-49CE575F95A2}.Release|Any CPU.Build.0 = Release|Any CPU
		{1A415FD9-476B-52FC-BF2C-40E416A6EDBE}.Debug|Any CPU.ActiveCfg = Debug|Any CPU
		{1A415FD9-476B-52FC-BF2C-40E416A6EDBE}.Debug|Any CPU.Build.0 = Debug|Any CPU
		{1A415FD9-476B-52FC-BF2C-40E416A6EDBE}.Release|Any CPU.ActiveCfg = Release|Any CPU
		{1A415FD9-476B-52FC-BF2C-40E416A6EDBE}.Release|Any CPU.Build.0 = Release|Any CPU
		{FB796E9C-758A-FA04-5555-5D6A780237F5}.Debug|Any CPU.ActiveCfg = Debug|Any CPU
		{FB796E9C-758A-FA04-5555-5D6A780237F5}.Debug|Any CPU.Build.0 = Debug|Any CPU
		{FB796E9C-758A-FA04-5555-5D6A780237F5}.Release|Any CPU.ActiveCfg = Release|Any CPU
		{FB796E9C-758A-FA04-5555-5D6A780237F5}.Release|Any CPU.Build.0 = Release|Any CPU
		{16D61659-29AD-B6F7-2F4F-E7A8F36946A8}.Debug|Any CPU.ActiveCfg = Debug|Any CPU
		{16D61659-29AD-B6F7-2F4F-E7A8F36946A8}.Debug|Any CPU.Build.0 = Debug|Any CPU
		{16D61659-29AD-B6F7-2F4F-E7A8F36946A8}.Release|Any CPU.ActiveCfg = Release|Any CPU
		{16D61659-29AD-B6F7-2F4F-E7A8F36946A8}.Release|Any CPU.Build.0 = Release|Any CPU
		{92B8ADB1-6556-48E9-6A38-DA6F96C275BF}.Debug|Any CPU.ActiveCfg = Debug|Any CPU
		{92B8ADB1-6556-48E9-6A38-DA6F96C275BF}.Debug|Any CPU.Build.0 = Debug|Any CPU
		{92B8ADB1-6556-48E9-6A38-DA6F96C275BF}.Release|Any CPU.ActiveCfg = Release|Any CPU
		{92B8ADB1-6556-48E9-6A38-DA6F96C275BF}.Release|Any CPU.Build.0 = Release|Any CPU
		{05FA77A4-9C04-0B03-0FE5-F613C64B8591}.Debug|Any CPU.ActiveCfg = Debug|Any CPU
		{05FA77A4-9C04-0B03-0FE5-F613C64B8591}.Debug|Any CPU.Build.0 = Debug|Any CPU
		{05FA77A4-9C04-0B03-0FE5-F613C64B8591}.Release|Any CPU.ActiveCfg = Release|Any CPU
		{05FA77A4-9C04-0B03-0FE5-F613C64B8591}.Release|Any CPU.Build.0 = Release|Any CPU
		{9267DC29-847E-D72B-6A17-15D88445ECBD}.Debug|Any CPU.ActiveCfg = Debug|Any CPU
		{9267DC29-847E-D72B-6A17-15D88445ECBD}.Debug|Any CPU.Build.0 = Debug|Any CPU
		{9267DC29-847E-D72B-6A17-15D88445ECBD}.Release|Any CPU.ActiveCfg = Release|Any CPU
		{9267DC29-847E-D72B-6A17-15D88445ECBD}.Release|Any CPU.Build.0 = Release|Any CPU
		{AC547165-0A5C-D3B4-88A8-8BF2B2697A75}.Debug|Any CPU.ActiveCfg = Debug|Any CPU
		{AC547165-0A5C-D3B4-88A8-8BF2B2697A75}.Debug|Any CPU.Build.0 = Debug|Any CPU
		{AC547165-0A5C-D3B4-88A8-8BF2B2697A75}.Release|Any CPU.ActiveCfg = Release|Any CPU
		{AC547165-0A5C-D3B4-88A8-8BF2B2697A75}.Release|Any CPU.Build.0 = Release|Any CPU
		{EB499683-9419-D943-57C3-6270A44EF661}.Debug|Any CPU.ActiveCfg = Debug|Any CPU
		{EB499683-9419-D943-57C3-6270A44EF661}.Debug|Any CPU.Build.0 = Debug|Any CPU
		{EB499683-9419-D943-57C3-6270A44EF661}.Release|Any CPU.ActiveCfg = Release|Any CPU
		{EB499683-9419-D943-57C3-6270A44EF661}.Release|Any CPU.Build.0 = Release|Any CPU
		{CF822573-723D-79AA-C520-CC88A954C7F6}.Debug|Any CPU.ActiveCfg = Debug|Any CPU
		{CF822573-723D-79AA-C520-CC88A954C7F6}.Debug|Any CPU.Build.0 = Debug|Any CPU
		{CF822573-723D-79AA-C520-CC88A954C7F6}.Release|Any CPU.ActiveCfg = Release|Any CPU
		{CF822573-723D-79AA-C520-CC88A954C7F6}.Release|Any CPU.Build.0 = Release|Any CPU
		{42EE4E5E-1FD2-670F-EB36-E38F6F30150E}.Debug|Any CPU.ActiveCfg = Debug|Any CPU
		{42EE4E5E-1FD2-670F-EB36-E38F6F30150E}.Debug|Any CPU.Build.0 = Debug|Any CPU
		{42EE4E5E-1FD2-670F-EB36-E38F6F30150E}.Release|Any CPU.ActiveCfg = Release|Any CPU
		{42EE4E5E-1FD2-670F-EB36-E38F6F30150E}.Release|Any CPU.Build.0 = Release|Any CPU
		{6ACE9DCA-6CF4-1693-0C0D-FB85F21A85D5}.Debug|Any CPU.ActiveCfg = Debug|Any CPU
		{6ACE9DCA-6CF4-1693-0C0D-FB85F21A85D5}.Debug|Any CPU.Build.0 = Debug|Any CPU
		{6ACE9DCA-6CF4-1693-0C0D-FB85F21A85D5}.Release|Any CPU.ActiveCfg = Release|Any CPU
		{6ACE9DCA-6CF4-1693-0C0D-FB85F21A85D5}.Release|Any CPU.Build.0 = Release|Any CPU
		{1732D88F-7243-4903-8EE3-E93AC51D95A7}.Debug|Any CPU.ActiveCfg = Debug|Any CPU
		{1732D88F-7243-4903-8EE3-E93AC51D95A7}.Debug|Any CPU.Build.0 = Debug|Any CPU
		{1732D88F-7243-4903-8EE3-E93AC51D95A7}.Release|Any CPU.ActiveCfg = Release|Any CPU
		{1732D88F-7243-4903-8EE3-E93AC51D95A7}.Release|Any CPU.Build.0 = Release|Any CPU
		{DE57DC58-0451-E55D-9DEB-1DEF663931C7}.Debug|Any CPU.ActiveCfg = Debug|Any CPU
		{DE57DC58-0451-E55D-9DEB-1DEF663931C7}.Debug|Any CPU.Build.0 = Debug|Any CPU
		{DE57DC58-0451-E55D-9DEB-1DEF663931C7}.Release|Any CPU.ActiveCfg = Release|Any CPU
		{DE57DC58-0451-E55D-9DEB-1DEF663931C7}.Release|Any CPU.Build.0 = Release|Any CPU
	EndGlobalSection
	GlobalSection(SolutionProperties) = preSolution
		HideSolutionNode = FALSE
	EndGlobalSection
	GlobalSection(NestedProjects) = preSolution
		{67824254-6371-76FD-C40D-F076954CCDE1} = {07C2787E-EAC7-C090-1BA3-A61EC2A24D84}
		{F5DCB1F2-4808-3F1E-1D9E-1594260CE6A3} = {67824254-6371-76FD-C40D-F076954CCDE1}
		{0681B4B9-C347-B4F5-A3FA-B9B0B6D862AF} = {67824254-6371-76FD-C40D-F076954CCDE1}
		{F9AB5661-066F-FE61-8147-DE58B0B17705} = {07C2787E-EAC7-C090-1BA3-A61EC2A24D84}
		{32EB0A24-3155-F399-5DC9-1996714205CC} = {F9AB5661-066F-FE61-8147-DE58B0B17705}
		{BEF8EB6C-44A3-B60D-85FD-589896F135A3} = {F30895DC-C3AC-FF44-FFF8-D51D98AE1B61}
		{11157C5B-2427-F211-4AB2-BC293F055BE8} = {BEF8EB6C-44A3-B60D-85FD-589896F135A3}
		{74284678-A13F-DF47-2935-A592466C4D4D} = {11157C5B-2427-F211-4AB2-BC293F055BE8}
		{542599F2-9B50-6BBD-CB4E-10ED551B8BE4} = {11157C5B-2427-F211-4AB2-BC293F055BE8}
		{6792E40C-9E6D-82F2-E6FA-69AC4F42394C} = {11157C5B-2427-F211-4AB2-BC293F055BE8}
		{377A1975-4E18-C7BF-D37F-6EF348D412A6} = {11157C5B-2427-F211-4AB2-BC293F055BE8}
		{A12F5866-DDD0-1845-3CA1-D50A9754F4C5} = {11157C5B-2427-F211-4AB2-BC293F055BE8}
		{55615F80-FD7E-F324-CFB4-116EBD867244} = {BEF8EB6C-44A3-B60D-85FD-589896F135A3}
		{D440ADD3-9478-B570-0342-4AD3A02346D1} = {55615F80-FD7E-F324-CFB4-116EBD867244}
		{59EEF718-370E-29D0-AD7B-01963B36DE86} = {55615F80-FD7E-F324-CFB4-116EBD867244}
		{F0C0B0E3-0F4E-4F51-E684-68D2657C287B} = {55615F80-FD7E-F324-CFB4-116EBD867244}
		{9DFF8364-2C0B-7352-3F29-16DBC9EACD87} = {F30895DC-C3AC-FF44-FFF8-D51D98AE1B61}
		{C55B7FCA-E9CE-9F6E-2814-A24EB80D2543} = {9DFF8364-2C0B-7352-3F29-16DBC9EACD87}
		{5DC89802-B686-B83A-3307-83D2A204B04C} = {C55B7FCA-E9CE-9F6E-2814-A24EB80D2543}
		{D95C8675-1653-00E6-0E24-49CE575F95A2} = {C55B7FCA-E9CE-9F6E-2814-A24EB80D2543}
		{1A415FD9-476B-52FC-BF2C-40E416A6EDBE} = {C55B7FCA-E9CE-9F6E-2814-A24EB80D2543}
		{6DC28A4E-E18C-5AEE-01A4-584A9BC539DD} = {9DFF8364-2C0B-7352-3F29-16DBC9EACD87}
		{FB796E9C-758A-FA04-5555-5D6A780237F5} = {6DC28A4E-E18C-5AEE-01A4-584A9BC539DD}
		{16D61659-29AD-B6F7-2F4F-E7A8F36946A8} = {6DC28A4E-E18C-5AEE-01A4-584A9BC539DD}
		{92B8ADB1-6556-48E9-6A38-DA6F96C275BF} = {6DC28A4E-E18C-5AEE-01A4-584A9BC539DD}
		{703A3584-4FC4-58EF-36B2-9162839DEFBD} = {F30895DC-C3AC-FF44-FFF8-D51D98AE1B61}
		{D26B5AB6-87A1-BBF9-BD75-50BEBD400A7B} = {703A3584-4FC4-58EF-36B2-9162839DEFBD}
		{05FA77A4-9C04-0B03-0FE5-F613C64B8591} = {D26B5AB6-87A1-BBF9-BD75-50BEBD400A7B}
		{B3D0488E-5ADF-DBE5-33CB-37DB1037A203} = {703A3584-4FC4-58EF-36B2-9162839DEFBD}
		{9267DC29-847E-D72B-6A17-15D88445ECBD} = {B3D0488E-5ADF-DBE5-33CB-37DB1037A203}
		{AC547165-0A5C-D3B4-88A8-8BF2B2697A75} = {B3D0488E-5ADF-DBE5-33CB-37DB1037A203}
		{4CE5B8B7-C807-F13B-A010-171C050B2647} = {F30895DC-C3AC-FF44-FFF8-D51D98AE1B61}
		{735CEFC8-A911-EA95-99FE-70A4FD544CD0} = {4CE5B8B7-C807-F13B-A010-171C050B2647}
		{EB499683-9419-D943-57C3-6270A44EF661} = {735CEFC8-A911-EA95-99FE-70A4FD544CD0}
		{CF822573-723D-79AA-C520-CC88A954C7F6} = {735CEFC8-A911-EA95-99FE-70A4FD544CD0}
		{42EE4E5E-1FD2-670F-EB36-E38F6F30150E} = {735CEFC8-A911-EA95-99FE-70A4FD544CD0}
		{31AE95A5-37B2-00F0-BCDB-5047A3F5A232} = {4CE5B8B7-C807-F13B-A010-171C050B2647}
		{6ACE9DCA-6CF4-1693-0C0D-FB85F21A85D5} = {31AE95A5-37B2-00F0-BCDB-5047A3F5A232}
		{1732D88F-7243-4903-8EE3-E93AC51D95A7} = {31AE95A5-37B2-00F0-BCDB-5047A3F5A232}
		{DE57DC58-0451-E55D-9DEB-1DEF663931C7} = {31AE95A5-37B2-00F0-BCDB-5047A3F5A232}
	EndGlobalSection
	GlobalSection(ExtensibilityGlobals) = postSolution
		SolutionGuid = {886D6985-365F-423C-911C-3FD4A96410AB}
	EndGlobalSection
EndGlobal
