
Microsoft Visual Studio Solution File, Format Version 12.00
# Visual Studio Version 17
VisualStudioVersion = 17.0.31903.59
MinimumVisualStudioVersion = 10.0.40219.1
Project("{9A19103F-16F7-4668-BE54-9A1E7A4F7556}") = "Altinn.Notifications.Email", "src\Altinn.Notifications.Email\Altinn.Notifications.Email.csproj", "{73886DAA-DE40-4B72-B7E5-C7DD7AFBA6FC}"
EndProject
Project("{9A19103F-16F7-4668-BE54-9A1E7A4F7556}") = "Altinn.Notifications.Email.Core", "src\Altinn.Notifications.Email.Core\Altinn.Notifications.Email.Core.csproj", "{20F0D453-0541-4BCD-8ABA-D854C34C9473}"
EndProject
Project("{9A19103F-16F7-4668-BE54-9A1E7A4F7556}") = "Altinn.Notifications.Email.Integrations", "src\Altinn.Notifications.Email.Integrations\Altinn.Notifications.Email.Integrations.csproj", "{5DE732DB-502E-4491-80A3-4AA3B55328C4}"
EndProject
Project("{9A19103F-16F7-4668-BE54-9A1E7A4F7556}") = "Altinn.Notifications.Email.Tests", "test\Altinn.Notifications.Email.Tests\Altinn.Notifications.Email.Tests.csproj", "{82304ABF-A556-4599-BBE0-713A06C073BB}"
EndProject
Global
	GlobalSection(SolutionConfigurationPlatforms) = preSolution
		Debug|Any CPU = Debug|Any CPU
		Release|Any CPU = Release|Any CPU
	EndGlobalSection
	GlobalSection(ProjectConfigurationPlatforms) = postSolution
		{73886DAA-DE40-4B72-B7E5-C7DD7AFBA6FC}.Debug|Any CPU.ActiveCfg = Debug|Any CPU
		{73886DAA-DE40-4B72-B7E5-C7DD7AFBA6FC}.Debug|Any CPU.Build.0 = Debug|Any CPU
		{73886DAA-DE40-4B72-B7E5-C7DD7AFBA6FC}.Release|Any CPU.ActiveCfg = Release|Any CPU
		{73886DAA-DE40-4B72-B7E5-C7DD7AFBA6FC}.Release|Any CPU.Build.0 = Release|Any CPU
		{20F0D453-0541-4BCD-8ABA-D854C34C9473}.Debug|Any CPU.ActiveCfg = Debug|Any CPU
		{20F0D453-0541-4BCD-8ABA-D854C34C9473}.Debug|Any CPU.Build.0 = Debug|Any CPU
		{20F0D453-0541-4BCD-8ABA-D854C34C9473}.Release|Any CPU.ActiveCfg = Release|Any CPU
		{20F0D453-0541-4BCD-8ABA-D854C34C9473}.Release|Any CPU.Build.0 = Release|Any CPU
		{5DE732DB-502E-4491-80A3-4AA3B55328C4}.Debug|Any CPU.ActiveCfg = Debug|Any CPU
		{5DE732DB-502E-4491-80A3-4AA3B55328C4}.Debug|Any CPU.Build.0 = Debug|Any CPU
		{5DE732DB-502E-4491-80A3-4AA3B55328C4}.Release|Any CPU.ActiveCfg = Release|Any CPU
		{5DE732DB-502E-4491-80A3-4AA3B55328C4}.Release|Any CPU.Build.0 = Release|Any CPU
		{82304ABF-A556-4599-BBE0-713A06C073BB}.Debug|Any CPU.ActiveCfg = Debug|Any CPU
		{82304ABF-A556-4599-BBE0-713A06C073BB}.Debug|Any CPU.Build.0 = Debug|Any CPU
		{82304ABF-A556-4599-BBE0-713A06C073BB}.Release|Any CPU.ActiveCfg = Release|Any CPU
		{82304ABF-A556-4599-BBE0-713A06C073BB}.Release|Any CPU.Build.0 = Release|Any CPU
	EndGlobalSection
	GlobalSection(SolutionProperties) = preSolution
		HideSolutionNode = FALSE
	EndGlobalSection
	GlobalSection(ExtensibilityGlobals) = postSolution
		SolutionGuid = {33D1564F-DB99-4552-9CE1-EAEC1AF4D811}
	EndGlobalSection
EndGlobal
