
Microsoft Visual Studio Solution File, Format Version 12.00
# Visual Studio Version 17
VisualStudioVersion = 17.8.34322.80
MinimumVisualStudioVersion = 10.0.40219.1
Project("{9A19103F-16F7-4668-BE54-9A1E7A4F7556}") = "Altinn.Notifications.Sms", "src\Altinn.Notifications.Sms\Altinn.Notifications.Sms.csproj", "{4EB036BE-B18A-496A-8291-474B3D3F2E89}"
EndProject
Project("{9A19103F-16F7-4668-BE54-9A1E7A4F7556}") = "Altinn.Notifications.Sms.Core", "src\Altinn.Notifications.Sms.Core\Altinn.Notifications.Sms.Core.csproj", "{184897A2-F52D-400A-BD50-FEB6554845AF}"
EndProject
Project("{9A19103F-16F7-4668-BE54-9A1E7A4F7556}") = "Altinn.Notifications.Sms.Integrations", "src\Altinn.Notifications.Sms.Integrations\Altinn.Notifications.Sms.Integrations.csproj", "{4ED9641C-6C11-4F23-8CFB-5E0B445643C2}"
EndProject
Project("{9A19103F-16F7-4668-BE54-9A1E7A4F7556}") = "Altinn.Notifications.Sms.Tests", "test\Altinn.Notifications.Sms.Tests\Altinn.Notifications.Sms.Tests.csproj", "{CA072007-82B1-4A1A-968D-977571B0006B}"
EndProject
Project("{9A19103F-16F7-4668-BE54-9A1E7A4F7556}") = "Altinn.Notifications.Sms.IntegrationTests", "test\Altinn.Notifications.Sms.IntegrationTests\Altinn.Notifications.Sms.IntegrationTests.csproj", "{7043E85D-5C39-49F8-82BF-7B4A872168EC}"
EndProject
Project("{2150E333-8FDC-42A3-9474-1A3956D46DE8}") = "Solution Items", "Solution Items", "{8EC462FD-D22E-90A8-E5CE-7E832BA40C5D}"
	ProjectSection(SolutionItems) = preProject
		README.md = README.md
	EndProjectSection
EndProject
Global
	GlobalSection(SolutionConfigurationPlatforms) = preSolution
		Debug|Any CPU = Debug|Any CPU
		Release|Any CPU = Release|Any CPU
	EndGlobalSection
	GlobalSection(ProjectConfigurationPlatforms) = postSolution
		{4EB036BE-B18A-496A-8291-474B3D3F2E89}.Debug|Any CPU.ActiveCfg = Debug|Any CPU
		{4EB036BE-B18A-496A-8291-474B3D3F2E89}.Debug|Any CPU.Build.0 = Debug|Any CPU
		{4EB036BE-B18A-496A-8291-474B3D3F2E89}.Release|Any CPU.ActiveCfg = Release|Any CPU
		{4EB036BE-B18A-496A-8291-474B3D3F2E89}.Release|Any CPU.Build.0 = Release|Any CPU
		{184897A2-F52D-400A-BD50-FEB6554845AF}.Debug|Any CPU.ActiveCfg = Debug|Any CPU
		{184897A2-F52D-400A-BD50-FEB6554845AF}.Debug|Any CPU.Build.0 = Debug|Any CPU
		{184897A2-F52D-400A-BD50-FEB6554845AF}.Release|Any CPU.ActiveCfg = Release|Any CPU
		{184897A2-F52D-400A-BD50-FEB6554845AF}.Release|Any CPU.Build.0 = Release|Any CPU
		{4ED9641C-6C11-4F23-8CFB-5E0B445643C2}.Debug|Any CPU.ActiveCfg = Debug|Any CPU
		{4ED9641C-6C11-4F23-8CFB-5E0B445643C2}.Debug|Any CPU.Build.0 = Debug|Any CPU
		{4ED9641C-6C11-4F23-8CFB-5E0B445643C2}.Release|Any CPU.ActiveCfg = Release|Any CPU
		{4ED9641C-6C11-4F23-8CFB-5E0B445643C2}.Release|Any CPU.Build.0 = Release|Any CPU
		{CA072007-82B1-4A1A-968D-977571B0006B}.Debug|Any CPU.ActiveCfg = Debug|Any CPU
		{CA072007-82B1-4A1A-968D-977571B0006B}.Debug|Any CPU.Build.0 = Debug|Any CPU
		{CA072007-82B1-4A1A-968D-977571B0006B}.Release|Any CPU.ActiveCfg = Release|Any CPU
		{CA072007-82B1-4A1A-968D-977571B0006B}.Release|Any CPU.Build.0 = Release|Any CPU
		{7043E85D-5C39-49F8-82BF-7B4A872168EC}.Debug|Any CPU.ActiveCfg = Debug|Any CPU
		{7043E85D-5C39-49F8-82BF-7B4A872168EC}.Debug|Any CPU.Build.0 = Debug|Any CPU
		{7043E85D-5C39-49F8-82BF-7B4A872168EC}.Release|Any CPU.ActiveCfg = Release|Any CPU
		{7043E85D-5C39-49F8-82BF-7B4A872168EC}.Release|Any CPU.Build.0 = Release|Any CPU
	EndGlobalSection
	GlobalSection(SolutionProperties) = preSolution
		HideSolutionNode = FALSE
	EndGlobalSection
	GlobalSection(ExtensibilityGlobals) = postSolution
		SolutionGuid = {E174375A-6EC2-45FE-AFB1-E3C9B38F6530}
	EndGlobalSection
EndGlobal
