<Solution>
  <Folder Name="/src/">
    <Project Path="src/Altinn.Notifications.Tools.RetryDeadDeliveryReports/Altinn.Notifications.Tools.RetryDeadDeliveryReports.csproj" />
    <Project Path="src/Altinn.Notifications.Tools.StatusFeedBackfillTool/Altinn.Notifications.Tools.StatusFeedBackfillTool.csproj" />
  </Folder>
  <Folder Name="/test/">
    <Project Path="test/Altinn.Notifications.Tools.Tests/Altinn.Notifications.Tools.Tests.csproj" />
  </Folder>
</Solution>
